
Microsoft Visual Studio Solution File, Format Version 12.00
# Visual Studio Version 16
VisualStudioVersion = 16.0.30204.135
MinimumVisualStudioVersion = 10.0.40219.1
Project("{9A19103F-16F7-4668-BE54-9A1E7A4F7556}") = "Orion", "Orion\Orion.csproj", "{3809A7BD-02FA-401B-B5D4-46246FB57EB2}"
EndProject
Project("{FAE04EC0-301F-11D3-BF4B-00C04F79EFBC}") = "OrionTest", "OrionTest\OrionTest.csproj", "{BBB8F82F-D62E-43A7-883B-84EDB5BEE474}"
	ProjectSection(ProjectDependencies) = postProject
		{3809A7BD-02FA-401B-B5D4-46246FB57EB2} = {3809A7BD-02FA-401B-B5D4-46246FB57EB2}
	EndProjectSection
EndProject
Global
	GlobalSection(SolutionConfigurationPlatforms) = preSolution
		Debug|Any CPU = Debug|Any CPU
		Release|Any CPU = Release|Any CPU
	EndGlobalSection
	GlobalSection(ProjectConfigurationPlatforms) = postSolution
		{3809A7BD-02FA-401B-B5D4-46246FB57EB2}.Debug|Any CPU.ActiveCfg = Debug|Any CPU
		{3809A7BD-02FA-401B-B5D4-46246FB57EB2}.Debug|Any CPU.Build.0 = Debug|Any CPU
		{3809A7BD-02FA-401B-B5D4-46246FB57EB2}.Release|Any CPU.ActiveCfg = Release|Any CPU
		{3809A7BD-02FA-401B-B5D4-46246FB57EB2}.Release|Any CPU.Build.0 = Release|Any CPU
		{BBB8F82F-D62E-43A7-883B-84EDB5BEE474}.Debug|Any CPU.ActiveCfg = Debug|Any CPU
		{BBB8F82F-D62E-43A7-883B-84EDB5BEE474}.Debug|Any CPU.Build.0 = Debug|Any CPU
		{BBB8F82F-D62E-43A7-883B-84EDB5BEE474}.Release|Any CPU.ActiveCfg = Release|Any CPU
		{BBB8F82F-D62E-43A7-883B-84EDB5BEE474}.Release|Any CPU.Build.0 = Release|Any CPU
	EndGlobalSection
	GlobalSection(SolutionProperties) = preSolution
		HideSolutionNode = FALSE
	EndGlobalSection
	GlobalSection(ExtensibilityGlobals) = postSolution
		SolutionGuid = {8BDA61EE-45E3-492D-A7DA-0E97B6E362C7}
	EndGlobalSection
EndGlobal
